// !$*UTF8*$!
{
	archiveVersion = 1;
	classes = {
	};
	objectVersion = 50;
	objects = {

/* Begin PBXBuildFile section */
		B02113BF22BCE9E900BA9D7C /* PageCell.swift in Sources */ = {isa = PBXBuildFile; fileRef = B02113BE22BCE9E900BA9D7C /* PageCell.swift */; };
		B02113C322BD053700BA9D7C /* Page.swift in Sources */ = {isa = PBXBuildFile; fileRef = B02113C222BD053700BA9D7C /* Page.swift */; };
		B02113C522BD087700BA9D7C /* BaseTabBarController.swift in Sources */ = {isa = PBXBuildFile; fileRef = B02113C422BD087700BA9D7C /* BaseTabBarController.swift */; };
		B0CD216522BF50B00051BB76 /* UIView+Layout.swift in Sources */ = {isa = PBXBuildFile; fileRef = B0CD216422BF50B00051BB76 /* UIView+Layout.swift */; };
		B0CD216922BF5C430051BB76 /* BaseListController.swift in Sources */ = {isa = PBXBuildFile; fileRef = B0CD216822BF5C430051BB76 /* BaseListController.swift */; };
		B0CD216B22BF5F380051BB76 /* SchetHorizontalController.swift in Sources */ = {isa = PBXBuildFile; fileRef = B0CD216A22BF5F380051BB76 /* SchetHorizontalController.swift */; };
		B0CD216D22BF63A30051BB76 /* PageGroupCell.swift in Sources */ = {isa = PBXBuildFile; fileRef = B0CD216C22BF63A30051BB76 /* PageGroupCell.swift */; };
		B0CD216F22BF6CFF0051BB76 /* UITextView+Extension.swift in Sources */ = {isa = PBXBuildFile; fileRef = B0CD216E22BF6CFF0051BB76 /* UITextView+Extension.swift */; };
		B0CD217322BF75130051BB76 /* PageHeader.swift in Sources */ = {isa = PBXBuildFile; fileRef = B0CD217222BF75130051BB76 /* PageHeader.swift */; };
		B0EEFD7122BCD10E00592470 /* AppDelegate.swift in Sources */ = {isa = PBXBuildFile; fileRef = B0EEFD7022BCD10E00592470 /* AppDelegate.swift */; };
		B0EEFD7322BCD10E00592470 /* SchetHeaderPageController.swift in Sources */ = {isa = PBXBuildFile; fileRef = B0EEFD7222BCD10E00592470 /* SchetHeaderPageController.swift */; };
		B0EEFD7622BCD10E00592470 /* Main.storyboard in Resources */ = {isa = PBXBuildFile; fileRef = B0EEFD7422BCD10E00592470 /* Main.storyboard */; };
		B0EEFD7822BCD10F00592470 /* Assets.xcassets in Resources */ = {isa = PBXBuildFile; fileRef = B0EEFD7722BCD10F00592470 /* Assets.xcassets */; };
		B0EEFD7B22BCD10F00592470 /* LaunchScreen.storyboard in Resources */ = {isa = PBXBuildFile; fileRef = B0EEFD7922BCD10F00592470 /* LaunchScreen.storyboard */; };
/* End PBXBuildFile section */

/* Begin PBXFileReference section */
		B02113BE22BCE9E900BA9D7C /* PageCell.swift */ = {isa = PBXFileReference; lastKnownFileType = sourcecode.swift; path = PageCell.swift; sourceTree = "<group>"; };
		B02113C222BD053700BA9D7C /* Page.swift */ = {isa = PBXFileReference; lastKnownFileType = sourcecode.swift; path = Page.swift; sourceTree = "<group>"; };
		B02113C422BD087700BA9D7C /* BaseTabBarController.swift */ = {isa = PBXFileReference; lastKnownFileType = sourcecode.swift; path = BaseTabBarController.swift; sourceTree = "<group>"; };
		B0CD216422BF50B00051BB76 /* UIView+Layout.swift */ = {isa = PBXFileReference; lastKnownFileType = sourcecode.swift; path = "UIView+Layout.swift"; sourceTree = "<group>"; };
		B0CD216822BF5C430051BB76 /* BaseListController.swift */ = {isa = PBXFileReference; lastKnownFileType = sourcecode.swift; path = BaseListController.swift; sourceTree = "<group>"; };
		B0CD216A22BF5F380051BB76 /* SchetHorizontalController.swift */ = {isa = PBXFileReference; lastKnownFileType = sourcecode.swift; path = SchetHorizontalController.swift; sourceTree = "<group>"; };
		B0CD216C22BF63A30051BB76 /* PageGroupCell.swift */ = {isa = PBXFileReference; lastKnownFileType = sourcecode.swift; path = PageGroupCell.swift; sourceTree = "<group>"; };
		B0CD216E22BF6CFF0051BB76 /* UITextView+Extension.swift */ = {isa = PBXFileReference; lastKnownFileType = sourcecode.swift; path = "UITextView+Extension.swift"; sourceTree = "<group>"; };
		B0CD217222BF75130051BB76 /* PageHeader.swift */ = {isa = PBXFileReference; lastKnownFileType = sourcecode.swift; path = PageHeader.swift; sourceTree = "<group>"; };
		B0EEFD6D22BCD10E00592470 /* mts-bank-layout.app */ = {isa = PBXFileReference; explicitFileType = wrapper.application; includeInIndex = 0; path = "mts-bank-layout.app"; sourceTree = BUILT_PRODUCTS_DIR; };
		B0EEFD7022BCD10E00592470 /* AppDelegate.swift */ = {isa = PBXFileReference; lastKnownFileType = sourcecode.swift; path = AppDelegate.swift; sourceTree = "<group>"; };
		B0EEFD7222BCD10E00592470 /* SchetHeaderPageController.swift */ = {isa = PBXFileReference; lastKnownFileType = sourcecode.swift; path = SchetHeaderPageController.swift; sourceTree = "<group>"; };
		B0EEFD7522BCD10E00592470 /* Base */ = {isa = PBXFileReference; lastKnownFileType = file.storyboard; name = Base; path = Base.lproj/Main.storyboard; sourceTree = "<group>"; };
		B0EEFD7722BCD10F00592470 /* Assets.xcassets */ = {isa = PBXFileReference; lastKnownFileType = folder.assetcatalog; path = Assets.xcassets; sourceTree = "<group>"; };
		B0EEFD7A22BCD10F00592470 /* Base */ = {isa = PBXFileReference; lastKnownFileType = file.storyboard; name = Base; path = Base.lproj/LaunchScreen.storyboard; sourceTree = "<group>"; };
		B0EEFD7C22BCD10F00592470 /* Info.plist */ = {isa = PBXFileReference; lastKnownFileType = text.plist.xml; path = Info.plist; sourceTree = "<group>"; };
/* End PBXFileReference section */

/* Begin PBXFrameworksBuildPhase section */
		B0EEFD6A22BCD10E00592470 /* Frameworks */ = {
			isa = PBXFrameworksBuildPhase;
			buildActionMask = 2147483647;
			files = (
			);
			runOnlyForDeploymentPostprocessing = 0;
		};
/* End PBXFrameworksBuildPhase section */

/* Begin PBXGroup section */
		B02113BD22BCE9C700BA9D7C /* View */ = {
			isa = PBXGroup;
			children = (
				B02113BE22BCE9E900BA9D7C /* PageCell.swift */,
				B0CD216C22BF63A30051BB76 /* PageGroupCell.swift */,
				B0CD217222BF75130051BB76 /* PageHeader.swift */,
			);
			path = View;
			sourceTree = "<group>";
		};
		B0CD216322BF50930051BB76 /* Helpers */ = {
			isa = PBXGroup;
			children = (
				B0CD216422BF50B00051BB76 /* UIView+Layout.swift */,
				B0CD216E22BF6CFF0051BB76 /* UITextView+Extension.swift */,
			);
			path = Helpers;
			sourceTree = "<group>";
		};
		B0EEFD6422BCD10E00592470 = {
			isa = PBXGroup;
			children = (
				B0EEFD6F22BCD10E00592470 /* mts-bank-layout */,
				B0EEFD8622BCD4E600592470 /* Additional */,
				B0EEFD6E22BCD10E00592470 /* Products */,
			);
			sourceTree = "<group>";
		};
		B0EEFD6E22BCD10E00592470 /* Products */ = {
			isa = PBXGroup;
			children = (
				B0EEFD6D22BCD10E00592470 /* mts-bank-layout.app */,
			);
			name = Products;
			sourceTree = "<group>";
		};
		B0EEFD6F22BCD10E00592470 /* mts-bank-layout */ = {
			isa = PBXGroup;
			children = (
				B0CD216322BF50930051BB76 /* Helpers */,
				B02113BD22BCE9C700BA9D7C /* View */,
				B0EEFD8522BCD4C700592470 /* Controller */,
				B0EEFD8222BCD43D00592470 /* Model */,
			);
			path = "mts-bank-layout";
			sourceTree = "<group>";
		};
		B0EEFD8222BCD43D00592470 /* Model */ = {
			isa = PBXGroup;
			children = (
				B02113C222BD053700BA9D7C /* Page.swift */,
			);
			path = Model;
			sourceTree = "<group>";
		};
		B0EEFD8522BCD4C700592470 /* Controller */ = {
			isa = PBXGroup;
			children = (
				B0CD216822BF5C430051BB76 /* BaseListController.swift */,
				B02113C422BD087700BA9D7C /* BaseTabBarController.swift */,
				B0CD216A22BF5F380051BB76 /* SchetHorizontalController.swift */,
				B0EEFD7222BCD10E00592470 /* SchetHeaderPageController.swift */,
			);
			path = Controller;
			sourceTree = "<group>";
		};
		B0EEFD8622BCD4E600592470 /* Additional */ = {
			isa = PBXGroup;
			children = (
				B0EEFD7022BCD10E00592470 /* AppDelegate.swift */,
				B0EEFD7422BCD10E00592470 /* Main.storyboard */,
				B0EEFD7722BCD10F00592470 /* Assets.xcassets */,
				B0EEFD7922BCD10F00592470 /* LaunchScreen.storyboard */,
				B0EEFD7C22BCD10F00592470 /* Info.plist */,
			);
			path = Additional;
			sourceTree = "<group>";
		};
/* End PBXGroup section */

/* Begin PBXNativeTarget section */
		B0EEFD6C22BCD10E00592470 /* mts-bank-layout */ = {
			isa = PBXNativeTarget;
			buildConfigurationList = B0EEFD7F22BCD10F00592470 /* Build configuration list for PBXNativeTarget "mts-bank-layout" */;
			buildPhases = (
				B0EEFD6922BCD10E00592470 /* Sources */,
				B0EEFD6A22BCD10E00592470 /* Frameworks */,
				B0EEFD6B22BCD10E00592470 /* Resources */,
			);
			buildRules = (
			);
			dependencies = (
			);
			name = "mts-bank-layout";
			productName = "mts-bank-layout";
			productReference = B0EEFD6D22BCD10E00592470 /* mts-bank-layout.app */;
			productType = "com.apple.product-type.application";
		};
/* End PBXNativeTarget section */

/* Begin PBXProject section */
		B0EEFD6522BCD10E00592470 /* Project object */ = {
			isa = PBXProject;
			attributes = {
				LastSwiftUpdateCheck = 1020;
				LastUpgradeCheck = 1020;
				ORGANIZATIONNAME = "Maksim Nosov";
				TargetAttributes = {
					B0EEFD6C22BCD10E00592470 = {
						CreatedOnToolsVersion = 10.2.1;
					};
				};
			};
			buildConfigurationList = B0EEFD6822BCD10E00592470 /* Build configuration list for PBXProject "mts-bank-layout" */;
			compatibilityVersion = "Xcode 9.3";
			developmentRegion = en;
			hasScannedForEncodings = 0;
			knownRegions = (
				en,
				Base,
			);
			mainGroup = B0EEFD6422BCD10E00592470;
			productRefGroup = B0EEFD6E22BCD10E00592470 /* Products */;
			projectDirPath = "";
			projectRoot = "";
			targets = (
				B0EEFD6C22BCD10E00592470 /* mts-bank-layout */,
			);
		};
/* End PBXProject section */

/* Begin PBXResourcesBuildPhase section */
		B0EEFD6B22BCD10E00592470 /* Resources */ = {
			isa = PBXResourcesBuildPhase;
			buildActionMask = 2147483647;
			files = (
				B0EEFD7B22BCD10F00592470 /* LaunchScreen.storyboard in Resources */,
				B0EEFD7822BCD10F00592470 /* Assets.xcassets in Resources */,
				B0EEFD7622BCD10E00592470 /* Main.storyboard in Resources */,
			);
			runOnlyForDeploymentPostprocessing = 0;
		};
/* End PBXResourcesBuildPhase section */

/* Begin PBXSourcesBuildPhase section */
		B0EEFD6922BCD10E00592470 /* Sources */ = {
			isa = PBXSourcesBuildPhase;
			buildActionMask = 2147483647;
			files = (
				B0CD216D22BF63A30051BB76 /* PageGroupCell.swift in Sources */,
				B02113C522BD087700BA9D7C /* BaseTabBarController.swift in Sources */,
				B0EEFD7322BCD10E00592470 /* SchetHeaderPageController.swift in Sources */,
				B0CD216F22BF6CFF0051BB76 /* UITextView+Extension.swift in Sources */,
				B02113C322BD053700BA9D7C /* Page.swift in Sources */,
				B0CD217322BF75130051BB76 /* PageHeader.swift in Sources */,
				B02113BF22BCE9E900BA9D7C /* PageCell.swift in Sources */,
				B0CD216522BF50B00051BB76 /* UIView+Layout.swift in Sources */,
				B0CD216922BF5C430051BB76 /* BaseListController.swift in Sources */,
				B0EEFD7122BCD10E00592470 /* AppDelegate.swift in Sources */,
				B0CD216B22BF5F380051BB76 /* SchetHorizontalController.swift in Sources */,
			);
			runOnlyForDeploymentPostprocessing = 0;
		};
/* End PBXSourcesBuildPhase section */

/* Begin PBXVariantGroup section */
		B0EEFD7422BCD10E00592470 /* Main.storyboard */ = {
			isa = PBXVariantGroup;
			children = (
				B0EEFD7522BCD10E00592470 /* Base */,
			);
			name = Main.storyboard;
			sourceTree = "<group>";
		};
		B0EEFD7922BCD10F00592470 /* LaunchScreen.storyboard */ = {
			isa = PBXVariantGroup;
			children = (
				B0EEFD7A22BCD10F00592470 /* Base */,
			);
			name = LaunchScreen.storyboard;
			sourceTree = "<group>";
		};
/* End PBXVariantGroup section */

/* Begin XCBuildConfiguration section */
		B0EEFD7D22BCD10F00592470 /* Debug */ = {
			isa = XCBuildConfiguration;
			buildSettings = {
				ALWAYS_SEARCH_USER_PATHS = NO;
				CLANG_ANALYZER_NONNULL = YES;
				CLANG_ANALYZER_NUMBER_OBJECT_CONVERSION = YES_AGGRESSIVE;
				CLANG_CXX_LANGUAGE_STANDARD = "gnu++14";
				CLANG_CXX_LIBRARY = "libc++";
				CLANG_ENABLE_MODULES = YES;
				CLANG_ENABLE_OBJC_ARC = YES;
				CLANG_ENABLE_OBJC_WEAK = YES;
				CLANG_WARN_BLOCK_CAPTURE_AUTORELEASING = YES;
				CLANG_WARN_BOOL_CONVERSION = YES;
				CLANG_WARN_COMMA = YES;
				CLANG_WARN_CONSTANT_CONVERSION = YES;
				CLANG_WARN_DEPRECATED_OBJC_IMPLEMENTATIONS = YES;
				CLANG_WARN_DIRECT_OBJC_ISA_USAGE = YES_ERROR;
				CLANG_WARN_DOCUMENTATION_COMMENTS = YES;
				CLANG_WARN_EMPTY_BODY = YES;
				CLANG_WARN_ENUM_CONVERSION = YES;
				CLANG_WARN_INFINITE_RECURSION = YES;
				CLANG_WARN_INT_CONVERSION = YES;
				CLANG_WARN_NON_LITERAL_NULL_CONVERSION = YES;
				CLANG_WARN_OBJC_IMPLICIT_RETAIN_SELF = YES;
				CLANG_WARN_OBJC_LITERAL_CONVERSION = YES;
				CLANG_WARN_OBJC_ROOT_CLASS = YES_ERROR;
				CLANG_WARN_RANGE_LOOP_ANALYSIS = YES;
				CLANG_WARN_STRICT_PROTOTYPES = YES;
				CLANG_WARN_SUSPICIOUS_MOVE = YES;
				CLANG_WARN_UNGUARDED_AVAILABILITY = YES_AGGRESSIVE;
				CLANG_WARN_UNREACHABLE_CODE = YES;
				CLANG_WARN__DUPLICATE_METHOD_MATCH = YES;
				CODE_SIGN_IDENTITY = "iPhone Developer";
				COPY_PHASE_STRIP = NO;
				DEBUG_INFORMATION_FORMAT = dwarf;
				ENABLE_STRICT_OBJC_MSGSEND = YES;
				ENABLE_TESTABILITY = YES;
				GCC_C_LANGUAGE_STANDARD = gnu11;
				GCC_DYNAMIC_NO_PIC = NO;
				GCC_NO_COMMON_BLOCKS = YES;
				GCC_OPTIMIZATION_LEVEL = 0;
				GCC_PREPROCESSOR_DEFINITIONS = (
					"DEBUG=1",
					"$(inherited)",
				);
				GCC_WARN_64_TO_32_BIT_CONVERSION = YES;
				GCC_WARN_ABOUT_RETURN_TYPE = YES_ERROR;
				GCC_WARN_UNDECLARED_SELECTOR = YES;
				GCC_WARN_UNINITIALIZED_AUTOS = YES_AGGRESSIVE;
				GCC_WARN_UNUSED_FUNCTION = YES;
				GCC_WARN_UNUSED_VARIABLE = YES;
				IPHONEOS_DEPLOYMENT_TARGET = 12.2;
				MTL_ENABLE_DEBUG_INFO = INCLUDE_SOURCE;
				MTL_FAST_MATH = YES;
				ONLY_ACTIVE_ARCH = YES;
				SDKROOT = iphoneos;
				SWIFT_ACTIVE_COMPILATION_CONDITIONS = DEBUG;
				SWIFT_OPTIMIZATION_LEVEL = "-Onone";
			};
			name = Debug;
		};
		B0EEFD7E22BCD10F00592470 /* Release */ = {
			isa = XCBuildConfiguration;
			buildSettings = {
				ALWAYS_SEARCH_USER_PATHS = NO;
				CLANG_ANALYZER_NONNULL = YES;
				CLANG_ANALYZER_NUMBER_OBJECT_CONVERSION = YES_AGGRESSIVE;
				CLANG_CXX_LANGUAGE_STANDARD = "gnu++14";
				CLANG_CXX_LIBRARY = "libc++";
				CLANG_ENABLE_MODULES = YES;
				CLANG_ENABLE_OBJC_ARC = YES;
				CLANG_ENABLE_OBJC_WEAK = YES;
				CLANG_WARN_BLOCK_CAPTURE_AUTORELEASING = YES;
				CLANG_WARN_BOOL_CONVERSION = YES;
				CLANG_WARN_COMMA = YES;
				CLANG_WARN_CONSTANT_CONVERSION = YES;
				CLANG_WARN_DEPRECATED_OBJC_IMPLEMENTATIONS = YES;
				CLANG_WARN_DIRECT_OBJC_ISA_USAGE = YES_ERROR;
				CLANG_WARN_DOCUMENTATION_COMMENTS = YES;
				CLANG_WARN_EMPTY_BODY = YES;
				CLANG_WARN_ENUM_CONVERSION = YES;
				CLANG_WARN_INFINITE_RECURSION = YES;
				CLANG_WARN_INT_CONVERSION = YES;
				CLANG_WARN_NON_LITERAL_NULL_CONVERSION = YES;
				CLANG_WARN_OBJC_IMPLICIT_RETAIN_SELF = YES;
				CLANG_WARN_OBJC_LITERAL_CONVERSION = YES;
				CLANG_WARN_OBJC_ROOT_CLASS = YES_ERROR;
				CLANG_WARN_RANGE_LOOP_ANALYSIS = YES;
				CLANG_WARN_STRICT_PROTOTYPES = YES;
				CLANG_WARN_SUSPICIOUS_MOVE = YES;
				CLANG_WARN_UNGUARDED_AVAILABILITY = YES_AGGRESSIVE;
				CLANG_WARN_UNREACHABLE_CODE = YES;
				CLANG_WARN__DUPLICATE_METHOD_MATCH = YES;
				CODE_SIGN_IDENTITY = "iPhone Developer";
				COPY_PHASE_STRIP = NO;
				DEBUG_INFORMATION_FORMAT = "dwarf-with-dsym";
				ENABLE_NS_ASSERTIONS = NO;
				ENABLE_STRICT_OBJC_MSGSEND = YES;
				GCC_C_LANGUAGE_STANDARD = gnu11;
				GCC_NO_COMMON_BLOCKS = YES;
				GCC_WARN_64_TO_32_BIT_CONVERSION = YES;
				GCC_WARN_ABOUT_RETURN_TYPE = YES_ERROR;
				GCC_WARN_UNDECLARED_SELECTOR = YES;
				GCC_WARN_UNINITIALIZED_AUTOS = YES_AGGRESSIVE;
				GCC_WARN_UNUSED_FUNCTION = YES;
				GCC_WARN_UNUSED_VARIABLE = YES;
				IPHONEOS_DEPLOYMENT_TARGET = 12.2;
				MTL_ENABLE_DEBUG_INFO = NO;
				MTL_FAST_MATH = YES;
				SDKROOT = iphoneos;
				SWIFT_COMPILATION_MODE = wholemodule;
				SWIFT_OPTIMIZATION_LEVEL = "-O";
				VALIDATE_PRODUCT = YES;
			};
			name = Release;
		};
		B0EEFD8022BCD10F00592470 /* Debug */ = {
			isa = XCBuildConfiguration;
			buildSettings = {
				ASSETCATALOG_COMPILER_APPICON_NAME = AppIcon;
				CODE_SIGN_STYLE = Automatic;
				INFOPLIST_FILE = "$(SRCROOT)/Additional/Info.plist";
				LD_RUNPATH_SEARCH_PATHS = (
					"$(inherited)",
					"@executable_path/Frameworks",
				);
				PRODUCT_BUNDLE_IDENTIFIER = "ozolc.mts-bank-layout";
				PRODUCT_NAME = "$(TARGET_NAME)";
				SWIFT_VERSION = 5.0;
				TARGETED_DEVICE_FAMILY = "1,2";
			};
			name = Debug;
		};
		B0EEFD8122BCD10F00592470 /* Release */ = {
			isa = XCBuildConfiguration;
			buildSettings = {
				ASSETCATALOG_COMPILER_APPICON_NAME = AppIcon;
				CODE_SIGN_STYLE = Automatic;
				INFOPLIST_FILE = "$(SRCROOT)/Additional/Info.plist";
				LD_RUNPATH_SEARCH_PATHS = (
					"$(inherited)",
					"@executable_path/Frameworks",
				);
				PRODUCT_BUNDLE_IDENTIFIER = "ozolc.mts-bank-layout";
				PRODUCT_NAME = "$(TARGET_NAME)";
				SWIFT_VERSION = 5.0;
				TARGETED_DEVICE_FAMILY = "1,2";
			};
			name = Release;
		};
/* End XCBuildConfiguration section */

/* Begin XCConfigurationList section */
		B0EEFD6822BCD10E00592470 /* Build configuration list for PBXProject "mts-bank-layout" */ = {
			isa = XCConfigurationList;
			buildConfigurations = (
				B0EEFD7D22BCD10F00592470 /* Debug */,
				B0EEFD7E22BCD10F00592470 /* Release */,
			);
			defaultConfigurationIsVisible = 0;
			defaultConfigurationName = Release;
		};
		B0EEFD7F22BCD10F00592470 /* Build configuration list for PBXNativeTarget "mts-bank-layout" */ = {
			isa = XCConfigurationList;
			buildConfigurations = (
				B0EEFD8022BCD10F00592470 /* Debug */,
				B0EEFD8122BCD10F00592470 /* Release */,
			);
			defaultConfigurationIsVisible = 0;
			defaultConfigurationName = Release;
		};
/* End XCConfigurationList section */
	};
	rootObject = B0EEFD6522BCD10E00592470 /* Project object */;
}
